// !$*UTF8*$!
{
	archiveVersion = 1;
	classes = {
	};
	objectVersion = 56;
	objects = {

/* Begin PBXBuildFile section */
		ED68314B2B4FFDF70004EDB4 /* StringProtocol+Helpers.swift in Sources */ = {isa = PBXBuildFile; fileRef = ED68314A2B4FFDF70004EDB4 /* StringProtocol+Helpers.swift */; };
		ED6831512B501BB60004EDB4 /* HomeViewModelTests.swift in Sources */ = {isa = PBXBuildFile; fileRef = ED6831502B501BB60004EDB4 /* HomeViewModelTests.swift */; };
		ED6831542B501BE90004EDB4 /* TokenizerMock.swift in Sources */ = {isa = PBXBuildFile; fileRef = ED6831532B501BE90004EDB4 /* TokenizerMock.swift */; };
		ED6831562B50219B0004EDB4 /* LanguageTests.swift in Sources */ = {isa = PBXBuildFile; fileRef = ED6831552B50219B0004EDB4 /* LanguageTests.swift */; };
		ED7FFDA02B4EF6FE004CB4F2 /* AppDelegate.swift in Sources */ = {isa = PBXBuildFile; fileRef = ED7FFD9F2B4EF6FE004CB4F2 /* AppDelegate.swift */; };
		ED7FFDA22B4EF6FE004CB4F2 /* SceneDelegate.swift in Sources */ = {isa = PBXBuildFile; fileRef = ED7FFDA12B4EF6FE004CB4F2 /* SceneDelegate.swift */; };
		ED7FFDA42B4EF6FE004CB4F2 /* HomeViewController.swift in Sources */ = {isa = PBXBuildFile; fileRef = ED7FFDA32B4EF6FE004CB4F2 /* HomeViewController.swift */; };
		ED7FFDA72B4EF6FE004CB4F2 /* Main.storyboard in Resources */ = {isa = PBXBuildFile; fileRef = ED7FFDA52B4EF6FE004CB4F2 /* Main.storyboard */; };
		ED7FFDA92B4EF6FE004CB4F2 /* Assets.xcassets in Resources */ = {isa = PBXBuildFile; fileRef = ED7FFDA82B4EF6FE004CB4F2 /* Assets.xcassets */; };
		ED7FFDAC2B4EF6FE004CB4F2 /* LaunchScreen.storyboard in Resources */ = {isa = PBXBuildFile; fileRef = ED7FFDAA2B4EF6FE004CB4F2 /* LaunchScreen.storyboard */; };
		ED7FFDB72B4EF6FF004CB4F2 /* TokenizerTests.swift in Sources */ = {isa = PBXBuildFile; fileRef = ED7FFDB62B4EF6FF004CB4F2 /* TokenizerTests.swift */; };
		ED7FFDD22B4F1948004CB4F2 /* HomeViewModel.swift in Sources */ = {isa = PBXBuildFile; fileRef = ED7FFDD12B4F1948004CB4F2 /* HomeViewModel.swift */; };
		ED7FFDD42B4F19D1004CB4F2 /* Home.storyboard in Resources */ = {isa = PBXBuildFile; fileRef = ED7FFDD32B4F19D1004CB4F2 /* Home.storyboard */; };
		ED7FFDD72B4F1FE7004CB4F2 /* Language.swift in Sources */ = {isa = PBXBuildFile; fileRef = ED7FFDD62B4F1FE7004CB4F2 /* Language.swift */; };
		ED7FFDD92B4F260A004CB4F2 /* Tokenizer.swift in Sources */ = {isa = PBXBuildFile; fileRef = ED7FFDD82B4F260A004CB4F2 /* Tokenizer.swift */; };
		ED7FFDDB2B4F26D9004CB4F2 /* NLLanguage+Language.swift in Sources */ = {isa = PBXBuildFile; fileRef = ED7FFDDA2B4F26D9004CB4F2 /* NLLanguage+Language.swift */; };
		ED7FFDDF2B4F282B004CB4F2 /* Tokenizable.swift in Sources */ = {isa = PBXBuildFile; fileRef = ED7FFDDE2B4F282B004CB4F2 /* Tokenizable.swift */; };
		ED7FFDE12B4F283C004CB4F2 /* Tokenizer+Tokenizable.swift in Sources */ = {isa = PBXBuildFile; fileRef = ED7FFDE02B4F283C004CB4F2 /* Tokenizer+Tokenizable.swift */; };
/* End PBXBuildFile section */

/* Begin PBXContainerItemProxy section */
		ED7FFDB32B4EF6FF004CB4F2 /* PBXContainerItemProxy */ = {
			isa = PBXContainerItemProxy;
			containerPortal = ED7FFD942B4EF6FD004CB4F2 /* Project object */;
			proxyType = 1;
			remoteGlobalIDString = ED7FFD9B2B4EF6FE004CB4F2;
			remoteInfo = Tokenizer;
		};
/* End PBXContainerItemProxy section */

/* Begin PBXFileReference section */
		ED68314A2B4FFDF70004EDB4 /* StringProtocol+Helpers.swift */ = {isa = PBXFileReference; lastKnownFileType = sourcecode.swift; path = "StringProtocol+Helpers.swift"; sourceTree = "<group>"; };
		ED6831502B501BB60004EDB4 /* HomeViewModelTests.swift */ = {isa = PBXFileReference; lastKnownFileType = sourcecode.swift; path = HomeViewModelTests.swift; sourceTree = "<group>"; };
		ED6831532B501BE90004EDB4 /* TokenizerMock.swift */ = {isa = PBXFileReference; lastKnownFileType = sourcecode.swift; path = TokenizerMock.swift; sourceTree = "<group>"; };
		ED6831552B50219B0004EDB4 /* LanguageTests.swift */ = {isa = PBXFileReference; lastKnownFileType = sourcecode.swift; path = LanguageTests.swift; sourceTree = "<group>"; };
		ED7FFD9C2B4EF6FE004CB4F2 /* Tokenizer.app */ = {isa = PBXFileReference; explicitFileType = wrapper.application; includeInIndex = 0; path = Tokenizer.app; sourceTree = BUILT_PRODUCTS_DIR; };
		ED7FFD9F2B4EF6FE004CB4F2 /* AppDelegate.swift */ = {isa = PBXFileReference; lastKnownFileType = sourcecode.swift; path = AppDelegate.swift; sourceTree = "<group>"; };
		ED7FFDA12B4EF6FE004CB4F2 /* SceneDelegate.swift */ = {isa = PBXFileReference; lastKnownFileType = sourcecode.swift; path = SceneDelegate.swift; sourceTree = "<group>"; };
		ED7FFDA32B4EF6FE004CB4F2 /* HomeViewController.swift */ = {isa = PBXFileReference; lastKnownFileType = sourcecode.swift; path = HomeViewController.swift; sourceTree = "<group>"; };
		ED7FFDA62B4EF6FE004CB4F2 /* Base */ = {isa = PBXFileReference; lastKnownFileType = file.storyboard; name = Base; path = Base.lproj/Main.storyboard; sourceTree = "<group>"; };
		ED7FFDA82B4EF6FE004CB4F2 /* Assets.xcassets */ = {isa = PBXFileReference; lastKnownFileType = folder.assetcatalog; path = Assets.xcassets; sourceTree = "<group>"; };
		ED7FFDAB2B4EF6FE004CB4F2 /* Base */ = {isa = PBXFileReference; lastKnownFileType = file.storyboard; name = Base; path = Base.lproj/LaunchScreen.storyboard; sourceTree = "<group>"; };
		ED7FFDAD2B4EF6FE004CB4F2 /* Info.plist */ = {isa = PBXFileReference; lastKnownFileType = text.plist.xml; path = Info.plist; sourceTree = "<group>"; };
		ED7FFDB22B4EF6FF004CB4F2 /* TokenizerTests.xctest */ = {isa = PBXFileReference; explicitFileType = wrapper.cfbundle; includeInIndex = 0; path = TokenizerTests.xctest; sourceTree = BUILT_PRODUCTS_DIR; };
		ED7FFDB62B4EF6FF004CB4F2 /* TokenizerTests.swift */ = {isa = PBXFileReference; lastKnownFileType = sourcecode.swift; path = TokenizerTests.swift; sourceTree = "<group>"; };
		ED7FFDD12B4F1948004CB4F2 /* HomeViewModel.swift */ = {isa = PBXFileReference; lastKnownFileType = sourcecode.swift; path = HomeViewModel.swift; sourceTree = "<group>"; };
		ED7FFDD32B4F19D1004CB4F2 /* Home.storyboard */ = {isa = PBXFileReference; lastKnownFileType = file.storyboard; path = Home.storyboard; sourceTree = "<group>"; };
		ED7FFDD62B4F1FE7004CB4F2 /* Language.swift */ = {isa = PBXFileReference; lastKnownFileType = sourcecode.swift; path = Language.swift; sourceTree = "<group>"; };
		ED7FFDD82B4F260A004CB4F2 /* Tokenizer.swift */ = {isa = PBXFileReference; lastKnownFileType = sourcecode.swift; path = Tokenizer.swift; sourceTree = "<group>"; };
		ED7FFDDA2B4F26D9004CB4F2 /* NLLanguage+Language.swift */ = {isa = PBXFileReference; lastKnownFileType = sourcecode.swift; path = "NLLanguage+Language.swift"; sourceTree = "<group>"; };
		ED7FFDDE2B4F282B004CB4F2 /* Tokenizable.swift */ = {isa = PBXFileReference; lastKnownFileType = sourcecode.swift; path = Tokenizable.swift; sourceTree = "<group>"; };
		ED7FFDE02B4F283C004CB4F2 /* Tokenizer+Tokenizable.swift */ = {isa = PBXFileReference; lastKnownFileType = sourcecode.swift; path = "Tokenizer+Tokenizable.swift"; sourceTree = "<group>"; };
/* End PBXFileReference section */

/* Begin PBXFrameworksBuildPhase section */
		ED7FFD992B4EF6FE004CB4F2 /* Frameworks */ = {
			isa = PBXFrameworksBuildPhase;
			buildActionMask = 2147483647;
			files = (
			);
			runOnlyForDeploymentPostprocessing = 0;
		};
		ED7FFDAF2B4EF6FF004CB4F2 /* Frameworks */ = {
			isa = PBXFrameworksBuildPhase;
			buildActionMask = 2147483647;
			files = (
			);
			runOnlyForDeploymentPostprocessing = 0;
		};
/* End PBXFrameworksBuildPhase section */

/* Begin PBXGroup section */
		ED6831462B4FFAEF0004EDB4 /* Tokenizer */ = {
			isa = PBXGroup;
			children = (
				ED7FFDD62B4F1FE7004CB4F2 /* Language.swift */,
				ED7FFDD82B4F260A004CB4F2 /* Tokenizer.swift */,
				ED7FFDDA2B4F26D9004CB4F2 /* NLLanguage+Language.swift */,
			);
			path = Tokenizer;
			sourceTree = "<group>";
		};
		ED6831492B4FFDE80004EDB4 /* Helpers */ = {
			isa = PBXGroup;
			children = (
				ED68314A2B4FFDF70004EDB4 /* StringProtocol+Helpers.swift */,
			);
			path = Helpers;
			sourceTree = "<group>";
		};
		ED68314F2B501BAB0004EDB4 /* Screens */ = {
			isa = PBXGroup;
			children = (
				ED6831502B501BB60004EDB4 /* HomeViewModelTests.swift */,
				ED6831532B501BE90004EDB4 /* TokenizerMock.swift */,
			);
			path = Screens;
			sourceTree = "<group>";
		};
		ED7FFD932B4EF6FD004CB4F2 = {
			isa = PBXGroup;
			children = (
				ED7FFD9E2B4EF6FE004CB4F2 /* Tokenizer */,
				ED7FFDB52B4EF6FF004CB4F2 /* TokenizerTests */,
				ED7FFD9D2B4EF6FE004CB4F2 /* Products */,
			);
			sourceTree = "<group>";
		};
		ED7FFD9D2B4EF6FE004CB4F2 /* Products */ = {
			isa = PBXGroup;
			children = (
				ED7FFD9C2B4EF6FE004CB4F2 /* Tokenizer.app */,
				ED7FFDB22B4EF6FF004CB4F2 /* TokenizerTests.xctest */,
			);
			name = Products;
			sourceTree = "<group>";
		};
		ED7FFD9E2B4EF6FE004CB4F2 /* Tokenizer */ = {
			isa = PBXGroup;
			children = (
				ED7FFDCF2B4F190A004CB4F2 /* Screens */,
				ED7FFDD52B4F1FDA004CB4F2 /* Model */,
				ED7FFD9F2B4EF6FE004CB4F2 /* AppDelegate.swift */,
				ED7FFDA12B4EF6FE004CB4F2 /* SceneDelegate.swift */,
				ED7FFDA52B4EF6FE004CB4F2 /* Main.storyboard */,
				ED7FFDA82B4EF6FE004CB4F2 /* Assets.xcassets */,
				ED7FFDAA2B4EF6FE004CB4F2 /* LaunchScreen.storyboard */,
				ED7FFDAD2B4EF6FE004CB4F2 /* Info.plist */,
			);
			path = Tokenizer;
			sourceTree = "<group>";
		};
		ED7FFDB52B4EF6FF004CB4F2 /* TokenizerTests */ = {
			isa = PBXGroup;
			children = (
				ED68314F2B501BAB0004EDB4 /* Screens */,
				ED7FFDB62B4EF6FF004CB4F2 /* TokenizerTests.swift */,
				ED6831552B50219B0004EDB4 /* LanguageTests.swift */,
			);
			path = TokenizerTests;
			sourceTree = "<group>";
		};
		ED7FFDCF2B4F190A004CB4F2 /* Screens */ = {
			isa = PBXGroup;
			children = (
				ED7FFDD02B4F193B004CB4F2 /* Home */,
			);
			path = Screens;
			sourceTree = "<group>";
		};
		ED7FFDD02B4F193B004CB4F2 /* Home */ = {
			isa = PBXGroup;
			children = (
				ED7FFDA32B4EF6FE004CB4F2 /* HomeViewController.swift */,
				ED7FFDD12B4F1948004CB4F2 /* HomeViewModel.swift */,
				ED7FFDDE2B4F282B004CB4F2 /* Tokenizable.swift */,
				ED7FFDE02B4F283C004CB4F2 /* Tokenizer+Tokenizable.swift */,
				ED7FFDD32B4F19D1004CB4F2 /* Home.storyboard */,
			);
			path = Home;
			sourceTree = "<group>";
		};
		ED7FFDD52B4F1FDA004CB4F2 /* Model */ = {
			isa = PBXGroup;
			children = (
				ED6831492B4FFDE80004EDB4 /* Helpers */,
				ED6831462B4FFAEF0004EDB4 /* Tokenizer */,
			);
			path = Model;
			sourceTree = "<group>";
		};
/* End PBXGroup section */

/* Begin PBXNativeTarget section */
		ED7FFD9B2B4EF6FE004CB4F2 /* Tokenizer */ = {
			isa = PBXNativeTarget;
			buildConfigurationList = ED7FFDC62B4EF6FF004CB4F2 /* Build configuration list for PBXNativeTarget "Tokenizer" */;
			buildPhases = (
				ED7FFD982B4EF6FE004CB4F2 /* Sources */,
				ED7FFD992B4EF6FE004CB4F2 /* Frameworks */,
				ED7FFD9A2B4EF6FE004CB4F2 /* Resources */,
			);
			buildRules = (
			);
			dependencies = (
			);
			name = Tokenizer;
			productName = Tokenizer;
			productReference = ED7FFD9C2B4EF6FE004CB4F2 /* Tokenizer.app */;
			productType = "com.apple.product-type.application";
		};
		ED7FFDB12B4EF6FF004CB4F2 /* TokenizerTests */ = {
			isa = PBXNativeTarget;
			buildConfigurationList = ED7FFDC92B4EF6FF004CB4F2 /* Build configuration list for PBXNativeTarget "TokenizerTests" */;
			buildPhases = (
				ED7FFDAE2B4EF6FF004CB4F2 /* Sources */,
				ED7FFDAF2B4EF6FF004CB4F2 /* Frameworks */,
				ED7FFDB02B4EF6FF004CB4F2 /* Resources */,
			);
			buildRules = (
			);
			dependencies = (
				ED7FFDB42B4EF6FF004CB4F2 /* PBXTargetDependency */,
			);
			name = TokenizerTests;
			productName = TokenizerTests;
			productReference = ED7FFDB22B4EF6FF004CB4F2 /* TokenizerTests.xctest */;
			productType = "com.apple.product-type.bundle.unit-test";
		};
/* End PBXNativeTarget section */

/* Begin PBXProject section */
		ED7FFD942B4EF6FD004CB4F2 /* Project object */ = {
			isa = PBXProject;
			attributes = {
				BuildIndependentTargetsInParallel = 1;
				LastSwiftUpdateCheck = 1500;
				LastUpgradeCheck = 1500;
				TargetAttributes = {
					ED7FFD9B2B4EF6FE004CB4F2 = {
						CreatedOnToolsVersion = 15.0;
					};
					ED7FFDB12B4EF6FF004CB4F2 = {
						CreatedOnToolsVersion = 15.0;
						TestTargetID = ED7FFD9B2B4EF6FE004CB4F2;
					};
				};
			};
			buildConfigurationList = ED7FFD972B4EF6FD004CB4F2 /* Build configuration list for PBXProject "Tokenizer" */;
			compatibilityVersion = "Xcode 14.0";
			developmentRegion = en;
			hasScannedForEncodings = 0;
			knownRegions = (
				en,
				Base,
			);
			mainGroup = ED7FFD932B4EF6FD004CB4F2;
			productRefGroup = ED7FFD9D2B4EF6FE004CB4F2 /* Products */;
			projectDirPath = "";
			projectRoot = "";
			targets = (
				ED7FFD9B2B4EF6FE004CB4F2 /* Tokenizer */,
				ED7FFDB12B4EF6FF004CB4F2 /* TokenizerTests */,
			);
		};
/* End PBXProject section */

/* Begin PBXResourcesBuildPhase section */
		ED7FFD9A2B4EF6FE004CB4F2 /* Resources */ = {
			isa = PBXResourcesBuildPhase;
			buildActionMask = 2147483647;
			files = (
				ED7FFDAC2B4EF6FE004CB4F2 /* LaunchScreen.storyboard in Resources */,
				ED7FFDA92B4EF6FE004CB4F2 /* Assets.xcassets in Resources */,
				ED7FFDA72B4EF6FE004CB4F2 /* Main.storyboard in Resources */,
				ED7FFDD42B4F19D1004CB4F2 /* Home.storyboard in Resources */,
			);
			runOnlyForDeploymentPostprocessing = 0;
		};
		ED7FFDB02B4EF6FF004CB4F2 /* Resources */ = {
			isa = PBXResourcesBuildPhase;
			buildActionMask = 2147483647;
			files = (
			);
			runOnlyForDeploymentPostprocessing = 0;
		};
/* End PBXResourcesBuildPhase section */

/* Begin PBXSourcesBuildPhase section */
		ED7FFD982B4EF6FE004CB4F2 /* Sources */ = {
			isa = PBXSourcesBuildPhase;
			buildActionMask = 2147483647;
			files = (
				ED7FFDDB2B4F26D9004CB4F2 /* NLLanguage+Language.swift in Sources */,
				ED7FFDD92B4F260A004CB4F2 /* Tokenizer.swift in Sources */,
				ED7FFDA42B4EF6FE004CB4F2 /* HomeViewController.swift in Sources */,
				ED7FFDDF2B4F282B004CB4F2 /* Tokenizable.swift in Sources */,
				ED7FFDD72B4F1FE7004CB4F2 /* Language.swift in Sources */,
				ED7FFDA02B4EF6FE004CB4F2 /* AppDelegate.swift in Sources */,
				ED7FFDA22B4EF6FE004CB4F2 /* SceneDelegate.swift in Sources */,
				ED7FFDE12B4F283C004CB4F2 /* Tokenizer+Tokenizable.swift in Sources */,
				ED68314B2B4FFDF70004EDB4 /* StringProtocol+Helpers.swift in Sources */,
				ED7FFDD22B4F1948004CB4F2 /* HomeViewModel.swift in Sources */,
			);
			runOnlyForDeploymentPostprocessing = 0;
		};
		ED7FFDAE2B4EF6FF004CB4F2 /* Sources */ = {
			isa = PBXSourcesBuildPhase;
			buildActionMask = 2147483647;
			files = (
				ED7FFDB72B4EF6FF004CB4F2 /* TokenizerTests.swift in Sources */,
				ED6831562B50219B0004EDB4 /* LanguageTests.swift in Sources */,
				ED6831512B501BB60004EDB4 /* HomeViewModelTests.swift in Sources */,
				ED6831542B501BE90004EDB4 /* TokenizerMock.swift in Sources */,
			);
			runOnlyForDeploymentPostprocessing = 0;
		};
/* End PBXSourcesBuildPhase section */

/* Begin PBXTargetDependency section */
		ED7FFDB42B4EF6FF004CB4F2 /* PBXTargetDependency */ = {
			isa = PBXTargetDependency;
			target = ED7FFD9B2B4EF6FE004CB4F2 /* Tokenizer */;
			targetProxy = ED7FFDB32B4EF6FF004CB4F2 /* PBXContainerItemProxy */;
		};
/* End PBXTargetDependency section */

/* Begin PBXVariantGroup section */
		ED7FFDA52B4EF6FE004CB4F2 /* Main.storyboard */ = {
			isa = PBXVariantGroup;
			children = (
				ED7FFDA62B4EF6FE004CB4F2 /* Base */,
			);
			name = Main.storyboard;
			sourceTree = "<group>";
		};
		ED7FFDAA2B4EF6FE004CB4F2 /* LaunchScreen.storyboard */ = {
			isa = PBXVariantGroup;
			children = (
				ED7FFDAB2B4EF6FE004CB4F2 /* Base */,
			);
			name = LaunchScreen.storyboard;
			sourceTree = "<group>";
		};
/* End PBXVariantGroup section */

/* Begin XCBuildConfiguration section */
		ED7FFDC42B4EF6FF004CB4F2 /* Debug */ = {
			isa = XCBuildConfiguration;
			buildSettings = {
				ALWAYS_SEARCH_USER_PATHS = NO;
				ASSETCATALOG_COMPILER_GENERATE_SWIFT_ASSET_SYMBOL_EXTENSIONS = YES;
				CLANG_ANALYZER_NONNULL = YES;
				CLANG_ANALYZER_NUMBER_OBJECT_CONVERSION = YES_AGGRESSIVE;
				CLANG_CXX_LANGUAGE_STANDARD = "gnu++20";
				CLANG_ENABLE_MODULES = YES;
				CLANG_ENABLE_OBJC_ARC = YES;
				CLANG_ENABLE_OBJC_WEAK = YES;
				CLANG_WARN_BLOCK_CAPTURE_AUTORELEASING = YES;
				CLANG_WARN_BOOL_CONVERSION = YES;
				CLANG_WARN_COMMA = YES;
				CLANG_WARN_CONSTANT_CONVERSION = YES;
				CLANG_WARN_DEPRECATED_OBJC_IMPLEMENTATIONS = YES;
				CLANG_WARN_DIRECT_OBJC_ISA_USAGE = YES_ERROR;
				CLANG_WARN_DOCUMENTATION_COMMENTS = YES;
				CLANG_WARN_EMPTY_BODY = YES;
				CLANG_WARN_ENUM_CONVERSION = YES;
				CLANG_WARN_INFINITE_RECURSION = YES;
				CLANG_WARN_INT_CONVERSION = YES;
				CLANG_WARN_NON_LITERAL_NULL_CONVERSION = YES;
				CLANG_WARN_OBJC_IMPLICIT_RETAIN_SELF = YES;
				CLANG_WARN_OBJC_LITERAL_CONVERSION = YES;
				CLANG_WARN_OBJC_ROOT_CLASS = YES_ERROR;
				CLANG_WARN_QUOTED_INCLUDE_IN_FRAMEWORK_HEADER = YES;
				CLANG_WARN_RANGE_LOOP_ANALYSIS = YES;
				CLANG_WARN_STRICT_PROTOTYPES = YES;
				CLANG_WARN_SUSPICIOUS_MOVE = YES;
				CLANG_WARN_UNGUARDED_AVAILABILITY = YES_AGGRESSIVE;
				CLANG_WARN_UNREACHABLE_CODE = YES;
				CLANG_WARN__DUPLICATE_METHOD_MATCH = YES;
				COPY_PHASE_STRIP = NO;
				DEBUG_INFORMATION_FORMAT = dwarf;
				ENABLE_STRICT_OBJC_MSGSEND = YES;
				ENABLE_TESTABILITY = YES;
				ENABLE_USER_SCRIPT_SANDBOXING = YES;
				GCC_C_LANGUAGE_STANDARD = gnu17;
				GCC_DYNAMIC_NO_PIC = NO;
				GCC_NO_COMMON_BLOCKS = YES;
				GCC_OPTIMIZATION_LEVEL = 0;
				GCC_PREPROCESSOR_DEFINITIONS = (
					"DEBUG=1",
					"$(inherited)",
				);
				GCC_WARN_64_TO_32_BIT_CONVERSION = YES;
				GCC_WARN_ABOUT_RETURN_TYPE = YES_ERROR;
				GCC_WARN_UNDECLARED_SELECTOR = YES;
				GCC_WARN_UNINITIALIZED_AUTOS = YES_AGGRESSIVE;
				GCC_WARN_UNUSED_FUNCTION = YES;
				GCC_WARN_UNUSED_VARIABLE = YES;
				IPHONEOS_DEPLOYMENT_TARGET = 17.0;
				LOCALIZATION_PREFERS_STRING_CATALOGS = YES;
				MTL_ENABLE_DEBUG_INFO = INCLUDE_SOURCE;
				MTL_FAST_MATH = YES;
				ONLY_ACTIVE_ARCH = YES;
				SDKROOT = iphoneos;
				SWIFT_ACTIVE_COMPILATION_CONDITIONS = "DEBUG $(inherited)";
				SWIFT_OPTIMIZATION_LEVEL = "-Onone";
			};
			name = Debug;
		};
		ED7FFDC52B4EF6FF004CB4F2 /* Release */ = {
			isa = XCBuildConfiguration;
			buildSettings = {
				ALWAYS_SEARCH_USER_PATHS = NO;
				ASSETCATALOG_COMPILER_GENERATE_SWIFT_ASSET_SYMBOL_EXTENSIONS = YES;
				CLANG_ANALYZER_NONNULL = YES;
				CLANG_ANALYZER_NUMBER_OBJECT_CONVERSION = YES_AGGRESSIVE;
				CLANG_CXX_LANGUAGE_STANDARD = "gnu++20";
				CLANG_ENABLE_MODULES = YES;
				CLANG_ENABLE_OBJC_ARC = YES;
				CLANG_ENABLE_OBJC_WEAK = YES;
				CLANG_WARN_BLOCK_CAPTURE_AUTORELEASING = YES;
				CLANG_WARN_BOOL_CONVERSION = YES;
				CLANG_WARN_COMMA = YES;
				CLANG_WARN_CONSTANT_CONVERSION = YES;
				CLANG_WARN_DEPRECATED_OBJC_IMPLEMENTATIONS = YES;
				CLANG_WARN_DIRECT_OBJC_ISA_USAGE = YES_ERROR;
				CLANG_WARN_DOCUMENTATION_COMMENTS = YES;
				CLANG_WARN_EMPTY_BODY = YES;
				CLANG_WARN_ENUM_CONVERSION = YES;
				CLANG_WARN_INFINITE_RECURSION = YES;
				CLANG_WARN_INT_CONVERSION = YES;
				CLANG_WARN_NON_LITERAL_NULL_CONVERSION = YES;
				CLANG_WARN_OBJC_IMPLICIT_RETAIN_SELF = YES;
				CLANG_WARN_OBJC_LITERAL_CONVERSION = YES;
				CLANG_WARN_OBJC_ROOT_CLASS = YES_ERROR;
				CLANG_WARN_QUOTED_INCLUDE_IN_FRAMEWORK_HEADER = YES;
				CLANG_WARN_RANGE_LOOP_ANALYSIS = YES;
				CLANG_WARN_STRICT_PROTOTYPES = YES;
				CLANG_WARN_SUSPICIOUS_MOVE = YES;
				CLANG_WARN_UNGUARDED_AVAILABILITY = YES_AGGRESSIVE;
				CLANG_WARN_UNREACHABLE_CODE = YES;
				CLANG_WARN__DUPLICATE_METHOD_MATCH = YES;
				COPY_PHASE_STRIP = NO;
				DEBUG_INFORMATION_FORMAT = "dwarf-with-dsym";
				ENABLE_NS_ASSERTIONS = NO;
				ENABLE_STRICT_OBJC_MSGSEND = YES;
				ENABLE_USER_SCRIPT_SANDBOXING = YES;
				GCC_C_LANGUAGE_STANDARD = gnu17;
				GCC_NO_COMMON_BLOCKS = YES;
				GCC_WARN_64_TO_32_BIT_CONVERSION = YES;
				GCC_WARN_ABOUT_RETURN_TYPE = YES_ERROR;
				GCC_WARN_UNDECLARED_SELECTOR = YES;
				GCC_WARN_UNINITIALIZED_AUTOS = YES_AGGRESSIVE;
				GCC_WARN_UNUSED_FUNCTION = YES;
				GCC_WARN_UNUSED_VARIABLE = YES;
				IPHONEOS_DEPLOYMENT_TARGET = 17.0;
				LOCALIZATION_PREFERS_STRING_CATALOGS = YES;
				MTL_ENABLE_DEBUG_INFO = NO;
				MTL_FAST_MATH = YES;
				SDKROOT = iphoneos;
				SWIFT_COMPILATION_MODE = wholemodule;
				VALIDATE_PRODUCT = YES;
			};
			name = Release;
		};
		ED7FFDC72B4EF6FF004CB4F2 /* Debug */ = {
			isa = XCBuildConfiguration;
			buildSettings = {
				ASSETCATALOG_COMPILER_APPICON_NAME = AppIcon;
				ASSETCATALOG_COMPILER_GLOBAL_ACCENT_COLOR_NAME = AccentColor;
				CODE_SIGN_STYLE = Automatic;
				CURRENT_PROJECT_VERSION = 1;
				GENERATE_INFOPLIST_FILE = YES;
				INFOPLIST_FILE = Tokenizer/Info.plist;
				INFOPLIST_KEY_UIApplicationSupportsIndirectInputEvents = YES;
				INFOPLIST_KEY_UILaunchStoryboardName = LaunchScreen;
				INFOPLIST_KEY_UIMainStoryboardFile = Main;
				INFOPLIST_KEY_UISupportedInterfaceOrientations_iPad = "UIInterfaceOrientationPortrait UIInterfaceOrientationPortraitUpsideDown UIInterfaceOrientationLandscapeLeft UIInterfaceOrientationLandscapeRight";
				INFOPLIST_KEY_UISupportedInterfaceOrientations_iPhone = "UIInterfaceOrientationPortrait UIInterfaceOrientationLandscapeLeft UIInterfaceOrientationLandscapeRight";
				LD_RUNPATH_SEARCH_PATHS = (
					"$(inherited)",
					"@executable_path/Frameworks",
				);
				MARKETING_VERSION = 1.0;
				PRODUCT_BUNDLE_IDENTIFIER = com.test.Tokenizer;
				PRODUCT_NAME = "$(TARGET_NAME)";
				SWIFT_EMIT_LOC_STRINGS = YES;
				SWIFT_VERSION = 5.0;
				TARGETED_DEVICE_FAMILY = "1,2";
			};
			name = Debug;
		};
		ED7FFDC82B4EF6FF004CB4F2 /* Release */ = {
			isa = XCBuildConfiguration;
			buildSettings = {
				ASSETCATALOG_COMPILER_APPICON_NAME = AppIcon;
				ASSETCATALOG_COMPILER_GLOBAL_ACCENT_COLOR_NAME = AccentColor;
				CODE_SIGN_STYLE = Automatic;
				CURRENT_PROJECT_VERSION = 1;
				GENERATE_INFOPLIST_FILE = YES;
				INFOPLIST_FILE = Tokenizer/Info.plist;
				INFOPLIST_KEY_UIApplicationSupportsIndirectInputEvents = YES;
				INFOPLIST_KEY_UILaunchStoryboardName = LaunchScreen;
				INFOPLIST_KEY_UIMainStoryboardFile = Main;
				INFOPLIST_KEY_UISupportedInterfaceOrientations_iPad = "UIInterfaceOrientationPortrait UIInterfaceOrientationPortraitUpsideDown UIInterfaceOrientationLandscapeLeft UIInterfaceOrientationLandscapeRight";
				INFOPLIST_KEY_UISupportedInterfaceOrientations_iPhone = "UIInterfaceOrientationPortrait UIInterfaceOrientationLandscapeLeft UIInterfaceOrientationLandscapeRight";
				LD_RUNPATH_SEARCH_PATHS = (
					"$(inherited)",
					"@executable_path/Frameworks",
				);
				MARKETING_VERSION = 1.0;
				PRODUCT_BUNDLE_IDENTIFIER = com.test.Tokenizer;
				PRODUCT_NAME = "$(TARGET_NAME)";
				SWIFT_EMIT_LOC_STRINGS = YES;
				SWIFT_VERSION = 5.0;
				TARGETED_DEVICE_FAMILY = "1,2";
			};
			name = Release;
		};
		ED7FFDCA2B4EF6FF004CB4F2 /* Debug */ = {
			isa = XCBuildConfiguration;
			buildSettings = {
				ALWAYS_EMBED_SWIFT_STANDARD_LIBRARIES = YES;
				BUNDLE_LOADER = "$(TEST_HOST)";
				CODE_SIGN_STYLE = Automatic;
				CURRENT_PROJECT_VERSION = 1;
				GENERATE_INFOPLIST_FILE = YES;
				IPHONEOS_DEPLOYMENT_TARGET = 17.0;
				MARKETING_VERSION = 1.0;
				PRODUCT_BUNDLE_IDENTIFIER = com.test.TokenizerTests;
				PRODUCT_NAME = "$(TARGET_NAME)";
				SWIFT_EMIT_LOC_STRINGS = NO;
				SWIFT_VERSION = 5.0;
				TARGETED_DEVICE_FAMILY = "1,2";
				TEST_HOST = "$(BUILT_PRODUCTS_DIR)/Tokenizer.app/$(BUNDLE_EXECUTABLE_FOLDER_PATH)/Tokenizer";
			};
			name = Debug;
		};
		ED7FFDCB2B4EF6FF004CB4F2 /* Release */ = {
			isa = XCBuildConfiguration;
			buildSettings = {
				ALWAYS_EMBED_SWIFT_STANDARD_LIBRARIES = YES;
				BUNDLE_LOADER = "$(TEST_HOST)";
				CODE_SIGN_STYLE = Automatic;
				CURRENT_PROJECT_VERSION = 1;
				GENERATE_INFOPLIST_FILE = YES;
				IPHONEOS_DEPLOYMENT_TARGET = 17.0;
				MARKETING_VERSION = 1.0;
				PRODUCT_BUNDLE_IDENTIFIER = com.test.TokenizerTests;
				PRODUCT_NAME = "$(TARGET_NAME)";
				SWIFT_EMIT_LOC_STRINGS = NO;
				SWIFT_VERSION = 5.0;
				TARGETED_DEVICE_FAMILY = "1,2";
				TEST_HOST = "$(BUILT_PRODUCTS_DIR)/Tokenizer.app/$(BUNDLE_EXECUTABLE_FOLDER_PATH)/Tokenizer";
			};
			name = Release;
		};
/* End XCBuildConfiguration section */

/* Begin XCConfigurationList section */
		ED7FFD972B4EF6FD004CB4F2 /* Build configuration list for PBXProject "Tokenizer" */ = {
			isa = XCConfigurationList;
			buildConfigurations = (
				ED7FFDC42B4EF6FF004CB4F2 /* Debug */,
				ED7FFDC52B4EF6FF004CB4F2 /* Release */,
			);
			defaultConfigurationIsVisible = 0;
			defaultConfigurationName = Release;
		};
		ED7FFDC62B4EF6FF004CB4F2 /* Build configuration list for PBXNativeTarget "Tokenizer" */ = {
			isa = XCConfigurationList;
			buildConfigurations = (
				ED7FFDC72B4EF6FF004CB4F2 /* Debug */,
				ED7FFDC82B4EF6FF004CB4F2 /* Release */,
			);
			defaultConfigurationIsVisible = 0;
			defaultConfigurationName = Release;
		};
		ED7FFDC92B4EF6FF004CB4F2 /* Build configuration list for PBXNativeTarget "TokenizerTests" */ = {
			isa = XCConfigurationList;
			buildConfigurations = (
				ED7FFDCA2B4EF6FF004CB4F2 /* Debug */,
				ED7FFDCB2B4EF6FF004CB4F2 /* Release */,
			);
			defaultConfigurationIsVisible = 0;
			defaultConfigurationName = Release;
		};
/* End XCConfigurationList section */
	};
	rootObject = ED7FFD942B4EF6FD004CB4F2 /* Project object */;
}
